# THIS IS AN AUTOGENERATED FILE. DO NOT EDIT THIS FILE DIRECTLY.
# yarn lockfile v1


"@types/chart.js@*":
  version "2.9.23"
  resolved "https://registry.yarnpkg.com/@types/chart.js/-/chart.js-2.9.23.tgz#5de713e801f5aff4d042c7d49ab9691489c11848"
  integrity sha512-4QQNE/b+digosu3mnj4E7aNQGKnlpzXa9JvQYPtexpO7v9gnDeqwc1DxF8vLJWLDCNoO6hH0EgO8K/7PtJl8wg==
  dependencies:
    moment "^2.10.2"

"@types/chartjs-plugin-annotation@^0.5.0":
  version "0.5.0"
  resolved "https://registry.yarnpkg.com/@types/chartjs-plugin-annotation/-/chartjs-plugin-annotation-0.5.0.tgz#e7815c32d324a2e3afa4ce0269ac53651606de4a"
  integrity sha512-fIqDjJdTrPlwisI+JT33pOGBfy7adyEssg7I8FtP84wGeL5F6rKPLtmDXDT5UFJtxDgbV69pKinvMRVwdPzNtw==
  dependencies:
    "@types/chart.js" "*"

moment@^2.10.2:
  version "2.27.0"
  resolved "https://registry.yarnpkg.com/moment/-/moment-2.27.0.tgz#8bff4e3e26a236220dfe3e36de756b6ebaa0105d"
  integrity sha512-al0MUK7cpIcglMv3YF13qSgdAIqxHTO7brRtaz3DlSULbqfazqkc5kEjNrLDOM7fsjshoFIihnU8snrP7zUvhQ==
